// !$*UTF8*$!
{
	archiveVersion = 1;
	classes = {
	};
	objectVersion = 55;
	objects = {

/* Begin PBXBuildFile section */
		18301CD828B52732005960DC /* AppDelegate.swift in Sources */ = {isa = PBXBuildFile; fileRef = 18301CD728B52732005960DC /* AppDelegate.swift */; };
		18301CDA28B52732005960DC /* SceneDelegate.swift in Sources */ = {isa = PBXBuildFile; fileRef = 18301CD928B52732005960DC /* SceneDelegate.swift */; };
		18301CDC28B52732005960DC /* ViewController.swift in Sources */ = {isa = PBXBuildFile; fileRef = 18301CDB28B52732005960DC /* ViewController.swift */; };
		18301CDF28B52732005960DC /* Main.storyboard in Resources */ = {isa = PBXBuildFile; fileRef = 18301CDD28B52732005960DC /* Main.storyboard */; };
		18301CE128B52736005960DC /* Assets.xcassets in Resources */ = {isa = PBXBuildFile; fileRef = 18301CE028B52736005960DC /* Assets.xcassets */; };
		18301CE428B52736005960DC /* LaunchScreen.storyboard in Resources */ = {isa = PBXBuildFile; fileRef = 18301CE228B52736005960DC /* LaunchScreen.storyboard */; };
		18301CEF28B52737005960DC /* PracticaSalinasTests.swift in Sources */ = {isa = PBXBuildFile; fileRef = 18301CEE28B52737005960DC /* PracticaSalinasTests.swift */; };
		18301CF928B52737005960DC /* PracticaSalinasUITests.swift in Sources */ = {isa = PBXBuildFile; fileRef = 18301CF828B52737005960DC /* PracticaSalinasUITests.swift */; };
		18301CFB28B52737005960DC /* PracticaSalinasUITestsLaunchTests.swift in Sources */ = {isa = PBXBuildFile; fileRef = 18301CFA28B52737005960DC /* PracticaSalinasUITestsLaunchTests.swift */; };
/* End PBXBuildFile section */

/* Begin PBXContainerItemProxy section */
		18301CEB28B52737005960DC /* PBXContainerItemProxy */ = {
			isa = PBXContainerItemProxy;
			containerPortal = 18301CCC28B52732005960DC /* Project object */;
			proxyType = 1;
			remoteGlobalIDString = 18301CD328B52732005960DC;
			remoteInfo = PracticaSalinas;
		};
		18301CF528B52737005960DC /* PBXContainerItemProxy */ = {
			isa = PBXContainerItemProxy;
			containerPortal = 18301CCC28B52732005960DC /* Project object */;
			proxyType = 1;
			remoteGlobalIDString = 18301CD328B52732005960DC;
			remoteInfo = PracticaSalinas;
		};
/* End PBXContainerItemProxy section */

/* Begin PBXFileReference section */
		18301CD428B52732005960DC /* PracticaSalinas.app */ = {isa = PBXFileReference; explicitFileType = wrapper.application; includeInIndex = 0; path = PracticaSalinas.app; sourceTree = BUILT_PRODUCTS_DIR; };
		18301CD728B52732005960DC /* AppDelegate.swift */ = {isa = PBXFileReference; lastKnownFileType = sourcecode.swift; path = AppDelegate.swift; sourceTree = "<group>"; };
		18301CD928B52732005960DC /* SceneDelegate.swift */ = {isa = PBXFileReference; lastKnownFileType = sourcecode.swift; path = SceneDelegate.swift; sourceTree = "<group>"; };
		18301CDB28B52732005960DC /* ViewController.swift */ = {isa = PBXFileReference; lastKnownFileType = sourcecode.swift; path = ViewController.swift; sourceTree = "<group>"; };
		18301CDE28B52732005960DC /* Base */ = {isa = PBXFileReference; lastKnownFileType = file.storyboard; name = Base; path = Base.lproj/Main.storyboard; sourceTree = "<group>"; };
		18301CE028B52736005960DC /* Assets.xcassets */ = {isa = PBXFileReference; lastKnownFileType = folder.assetcatalog; path = Assets.xcassets; sourceTree = "<group>"; };
		18301CE328B52736005960DC /* Base */ = {isa = PBXFileReference; lastKnownFileType = file.storyboard; name = Base; path = Base.lproj/LaunchScreen.storyboard; sourceTree = "<group>"; };
		18301CE528B52736005960DC /* Info.plist */ = {isa = PBXFileReference; lastKnownFileType = text.plist.xml; path = Info.plist; sourceTree = "<group>"; };
		18301CEA28B52737005960DC /* PracticaSalinasTests.xctest */ = {isa = PBXFileReference; explicitFileType = wrapper.cfbundle; includeInIndex = 0; path = PracticaSalinasTests.xctest; sourceTree = BUILT_PRODUCTS_DIR; };
		18301CEE28B52737005960DC /* PracticaSalinasTests.swift */ = {isa = PBXFileReference; lastKnownFileType = sourcecode.swift; path = PracticaSalinasTests.swift; sourceTree = "<group>"; };
		18301CF428B52737005960DC /* PracticaSalinasUITests.xctest */ = {isa = PBXFileReference; explicitFileType = wrapper.cfbundle; includeInIndex = 0; path = PracticaSalinasUITests.xctest; sourceTree = BUILT_PRODUCTS_DIR; };
		18301CF828B52737005960DC /* PracticaSalinasUITests.swift */ = {isa = PBXFileReference; lastKnownFileType = sourcecode.swift; path = PracticaSalinasUITests.swift; sourceTree = "<group>"; };
		18301CFA28B52737005960DC /* PracticaSalinasUITestsLaunchTests.swift */ = {isa = PBXFileReference; lastKnownFileType = sourcecode.swift; path = PracticaSalinasUITestsLaunchTests.swift; sourceTree = "<group>"; };
/* End PBXFileReference section */

/* Begin PBXFrameworksBuildPhase section */
		18301CD128B52732005960DC /* Frameworks */ = {
			isa = PBXFrameworksBuildPhase;
			buildActionMask = 2147483647;
			files = (
			);
			runOnlyForDeploymentPostprocessing = 0;
		};
		18301CE728B52737005960DC /* Frameworks */ = {
			isa = PBXFrameworksBuildPhase;
			buildActionMask = 2147483647;
			files = (
			);
			runOnlyForDeploymentPostprocessing = 0;
		};
		18301CF128B52737005960DC /* Frameworks */ = {
			isa = PBXFrameworksBuildPhase;
			buildActionMask = 2147483647;
			files = (
			);
			runOnlyForDeploymentPostprocessing = 0;
		};
/* End PBXFrameworksBuildPhase section */

/* Begin PBXGroup section */
		18301CCB28B52732005960DC = {
			isa = PBXGroup;
			children = (
				18301CD628B52732005960DC /* PracticaSalinas */,
				18301CED28B52737005960DC /* PracticaSalinasTests */,
				18301CF728B52737005960DC /* PracticaSalinasUITests */,
				18301CD528B52732005960DC /* Products */,
			);
			sourceTree = "<group>";
		};
		18301CD528B52732005960DC /* Products */ = {
			isa = PBXGroup;
			children = (
				18301CD428B52732005960DC /* PracticaSalinas.app */,
				18301CEA28B52737005960DC /* PracticaSalinasTests.xctest */,
				18301CF428B52737005960DC /* PracticaSalinasUITests.xctest */,
			);
			name = Products;
			sourceTree = "<group>";
		};
		18301CD628B52732005960DC /* PracticaSalinas */ = {
			isa = PBXGroup;
			children = (
				18301CD728B52732005960DC /* AppDelegate.swift */,
				18301CD928B52732005960DC /* SceneDelegate.swift */,
				18301CDB28B52732005960DC /* ViewController.swift */,
				18301CDD28B52732005960DC /* Main.storyboard */,
				18301CE028B52736005960DC /* Assets.xcassets */,
				18301CE228B52736005960DC /* LaunchScreen.storyboard */,
				18301CE528B52736005960DC /* Info.plist */,
			);
			path = PracticaSalinas;
			sourceTree = "<group>";
		};
		18301CED28B52737005960DC /* PracticaSalinasTests */ = {
			isa = PBXGroup;
			children = (
				18301CEE28B52737005960DC /* PracticaSalinasTests.swift */,
			);
			path = PracticaSalinasTests;
			sourceTree = "<group>";
		};
		18301CF728B52737005960DC /* PracticaSalinasUITests */ = {
			isa = PBXGroup;
			children = (
				18301CF828B52737005960DC /* PracticaSalinasUITests.swift */,
				18301CFA28B52737005960DC /* PracticaSalinasUITestsLaunchTests.swift */,
			);
			path = PracticaSalinasUITests;
			sourceTree = "<group>";
		};
/* End PBXGroup section */

/* Begin PBXNativeTarget section */
		18301CD328B52732005960DC /* PracticaSalinas */ = {
			isa = PBXNativeTarget;
			buildConfigurationList = 18301CFE28B52737005960DC /* Build configuration list for PBXNativeTarget "PracticaSalinas" */;
			buildPhases = (
				18301CD028B52732005960DC /* Sources */,
				18301CD128B52732005960DC /* Frameworks */,
				18301CD228B52732005960DC /* Resources */,
			);
			buildRules = (
			);
			dependencies = (
			);
			name = PracticaSalinas;
			productName = PracticaSalinas;
			productReference = 18301CD428B52732005960DC /* PracticaSalinas.app */;
			productType = "com.apple.product-type.application";
		};
		18301CE928B52737005960DC /* PracticaSalinasTests */ = {
			isa = PBXNativeTarget;
			buildConfigurationList = 18301D0128B52737005960DC /* Build configuration list for PBXNativeTarget "PracticaSalinasTests" */;
			buildPhases = (
				18301CE628B52737005960DC /* Sources */,
				18301CE728B52737005960DC /* Frameworks */,
				18301CE828B52737005960DC /* Resources */,
			);
			buildRules = (
			);
			dependencies = (
				18301CEC28B52737005960DC /* PBXTargetDependency */,
			);
			name = PracticaSalinasTests;
			productName = PracticaSalinasTests;
			productReference = 18301CEA28B52737005960DC /* PracticaSalinasTests.xctest */;
			productType = "com.apple.product-type.bundle.unit-test";
		};
		18301CF328B52737005960DC /* PracticaSalinasUITests */ = {
			isa = PBXNativeTarget;
			buildConfigurationList = 18301D0428B52737005960DC /* Build configuration list for PBXNativeTarget "PracticaSalinasUITests" */;
			buildPhases = (
				18301CF028B52737005960DC /* Sources */,
				18301CF128B52737005960DC /* Frameworks */,
				18301CF228B52737005960DC /* Resources */,
			);
			buildRules = (
			);
			dependencies = (
				18301CF628B52737005960DC /* PBXTargetDependency */,
			);
			name = PracticaSalinasUITests;
			productName = PracticaSalinasUITests;
			productReference = 18301CF428B52737005960DC /* PracticaSalinasUITests.xctest */;
			productType = "com.apple.product-type.bundle.ui-testing";
		};
/* End PBXNativeTarget section */

/* Begin PBXProject section */
		18301CCC28B52732005960DC /* Project object */ = {
			isa = PBXProject;
			attributes = {
				BuildIndependentTargetsInParallel = 1;
				LastSwiftUpdateCheck = 1340;
				LastUpgradeCheck = 1340;
				TargetAttributes = {
					18301CD328B52732005960DC = {
						CreatedOnToolsVersion = 13.4.1;
					};
					18301CE928B52737005960DC = {
						CreatedOnToolsVersion = 13.4.1;
						TestTargetID = 18301CD328B52732005960DC;
					};
					18301CF328B52737005960DC = {
						CreatedOnToolsVersion = 13.4.1;
						TestTargetID = 18301CD328B52732005960DC;
					};
				};
			};
			buildConfigurationList = 18301CCF28B52732005960DC /* Build configuration list for PBXProject "PracticaSalinas" */;
			compatibilityVersion = "Xcode 13.0";
			developmentRegion = en;
			hasScannedForEncodings = 0;
			knownRegions = (
				en,
				Base,
			);
			mainGroup = 18301CCB28B52732005960DC;
			productRefGroup = 18301CD528B52732005960DC /* Products */;
			projectDirPath = "";
			projectRoot = "";
			targets = (
				18301CD328B52732005960DC /* PracticaSalinas */,
				18301CE928B52737005960DC /* PracticaSalinasTests */,
				18301CF328B52737005960DC /* PracticaSalinasUITests */,
			);
		};
/* End PBXProject section */

/* Begin PBXResourcesBuildPhase section */
		18301CD228B52732005960DC /* Resources */ = {
			isa = PBXResourcesBuildPhase;
			buildActionMask = 2147483647;
			files = (
				18301CE428B52736005960DC /* LaunchScreen.storyboard in Resources */,
				18301CE128B52736005960DC /* Assets.xcassets in Resources */,
				18301CDF28B52732005960DC /* Main.storyboard in Resources */,
			);
			runOnlyForDeploymentPostprocessing = 0;
		};
		18301CE828B52737005960DC /* Resources */ = {
			isa = PBXResourcesBuildPhase;
			buildActionMask = 2147483647;
			files = (
			);
			runOnlyForDeploymentPostprocessing = 0;
		};
		18301CF228B52737005960DC /* Resources */ = {
			isa = PBXResourcesBuildPhase;
			buildActionMask = 2147483647;
			files = (
			);
			runOnlyForDeploymentPostprocessing = 0;
		};
/* End PBXResourcesBuildPhase section */

/* Begin PBXSourcesBuildPhase section */
		18301CD028B52732005960DC /* Sources */ = {
			isa = PBXSourcesBuildPhase;
			buildActionMask = 2147483647;
			files = (
				18301CDC28B52732005960DC /* ViewController.swift in Sources */,
				18301CD828B52732005960DC /* AppDelegate.swift in Sources */,
				18301CDA28B52732005960DC /* SceneDelegate.swift in Sources */,
			);
			runOnlyForDeploymentPostprocessing = 0;
		};
		18301CE628B52737005960DC /* Sources */ = {
			isa = PBXSourcesBuildPhase;
			buildActionMask = 2147483647;
			files = (
				18301CEF28B52737005960DC /* PracticaSalinasTests.swift in Sources */,
			);
			runOnlyForDeploymentPostprocessing = 0;
		};
		18301CF028B52737005960DC /* Sources */ = {
			isa = PBXSourcesBuildPhase;
			buildActionMask = 2147483647;
			files = (
				18301CF928B52737005960DC /* PracticaSalinasUITests.swift in Sources */,
				18301CFB28B52737005960DC /* PracticaSalinasUITestsLaunchTests.swift in Sources */,
			);
			runOnlyForDeploymentPostprocessing = 0;
		};
/* End PBXSourcesBuildPhase section */

/* Begin PBXTargetDependency section */
		18301CEC28B52737005960DC /* PBXTargetDependency */ = {
			isa = PBXTargetDependency;
			target = 18301CD328B52732005960DC /* PracticaSalinas */;
			targetProxy = 18301CEB28B52737005960DC /* PBXContainerItemProxy */;
		};
		18301CF628B52737005960DC /* PBXTargetDependency */ = {
			isa = PBXTargetDependency;
			target = 18301CD328B52732005960DC /* PracticaSalinas */;
			targetProxy = 18301CF528B52737005960DC /* PBXContainerItemProxy */;
		};
/* End PBXTargetDependency section */

/* Begin PBXVariantGroup section */
		18301CDD28B52732005960DC /* Main.storyboard */ = {
			isa = PBXVariantGroup;
			children = (
				18301CDE28B52732005960DC /* Base */,
			);
			name = Main.storyboard;
			sourceTree = "<group>";
		};
		18301CE228B52736005960DC /* LaunchScreen.storyboard */ = {
			isa = PBXVariantGroup;
			children = (
				18301CE328B52736005960DC /* Base */,
			);
			name = LaunchScreen.storyboard;
			sourceTree = "<group>";
		};
/* End PBXVariantGroup section */

/* Begin XCBuildConfiguration section */
		18301CFC28B52737005960DC /* Debug */ = {
			isa = XCBuildConfiguration;
			buildSettings = {
				ALWAYS_SEARCH_USER_PATHS = NO;
				CLANG_ANALYZER_NONNULL = YES;
				CLANG_ANALYZER_NUMBER_OBJECT_CONVERSION = YES_AGGRESSIVE;
				CLANG_CXX_LANGUAGE_STANDARD = "gnu++17";
				CLANG_ENABLE_MODULES = YES;
				CLANG_ENABLE_OBJC_ARC = YES;
				CLANG_ENABLE_OBJC_WEAK = YES;
				CLANG_WARN_BLOCK_CAPTURE_AUTORELEASING = YES;
				CLANG_WARN_BOOL_CONVERSION = YES;
				CLANG_WARN_COMMA = YES;
				CLANG_WARN_CONSTANT_CONVERSION = YES;
				CLANG_WARN_DEPRECATED_OBJC_IMPLEMENTATIONS = YES;
				CLANG_WARN_DIRECT_OBJC_ISA_USAGE = YES_ERROR;
				CLANG_WARN_DOCUMENTATION_COMMENTS = YES;
				CLANG_WARN_EMPTY_BODY = YES;
				CLANG_WARN_ENUM_CONVERSION = YES;
				CLANG_WARN_INFINITE_RECURSION = YES;
				CLANG_WARN_INT_CONVERSION = YES;
				CLANG_WARN_NON_LITERAL_NULL_CONVERSION = YES;
				CLANG_WARN_OBJC_IMPLICIT_RETAIN_SELF = YES;
				CLANG_WARN_OBJC_LITERAL_CONVERSION = YES;
				CLANG_WARN_OBJC_ROOT_CLASS = YES_ERROR;
				CLANG_WARN_QUOTED_INCLUDE_IN_FRAMEWORK_HEADER = YES;
				CLANG_WARN_RANGE_LOOP_ANALYSIS = YES;
				CLANG_WARN_STRICT_PROTOTYPES = YES;
				CLANG_WARN_SUSPICIOUS_MOVE = YES;
				CLANG_WARN_UNGUARDED_AVAILABILITY = YES_AGGRESSIVE;
				CLANG_WARN_UNREACHABLE_CODE = YES;
				CLANG_WARN__DUPLICATE_METHOD_MATCH = YES;
				COPY_PHASE_STRIP = NO;
				DEBUG_INFORMATION_FORMAT = dwarf;
				ENABLE_STRICT_OBJC_MSGSEND = YES;
				ENABLE_TESTABILITY = YES;
				GCC_C_LANGUAGE_STANDARD = gnu11;
				GCC_DYNAMIC_NO_PIC = NO;
				GCC_NO_COMMON_BLOCKS = YES;
				GCC_OPTIMIZATION_LEVEL = 0;
				GCC_PREPROCESSOR_DEFINITIONS = (
					"DEBUG=1",
					"$(inherited)",
				);
				GCC_WARN_64_TO_32_BIT_CONVERSION = YES;
				GCC_WARN_ABOUT_RETURN_TYPE = YES_ERROR;
				GCC_WARN_UNDECLARED_SELECTOR = YES;
				GCC_WARN_UNINITIALIZED_AUTOS = YES_AGGRESSIVE;
				GCC_WARN_UNUSED_FUNCTION = YES;
				GCC_WARN_UNUSED_VARIABLE = YES;
				IPHONEOS_DEPLOYMENT_TARGET = 15.5;
				MTL_ENABLE_DEBUG_INFO = INCLUDE_SOURCE;
				MTL_FAST_MATH = YES;
				ONLY_ACTIVE_ARCH = YES;
				SDKROOT = iphoneos;
				SWIFT_ACTIVE_COMPILATION_CONDITIONS = DEBUG;
				SWIFT_OPTIMIZATION_LEVEL = "-Onone";
			};
			name = Debug;
		};
		18301CFD28B52737005960DC /* Release */ = {
			isa = XCBuildConfiguration;
			buildSettings = {
				ALWAYS_SEARCH_USER_PATHS = NO;
				CLANG_ANALYZER_NONNULL = YES;
				CLANG_ANALYZER_NUMBER_OBJECT_CONVERSION = YES_AGGRESSIVE;
				CLANG_CXX_LANGUAGE_STANDARD = "gnu++17";
				CLANG_ENABLE_MODULES = YES;
				CLANG_ENABLE_OBJC_ARC = YES;
				CLANG_ENABLE_OBJC_WEAK = YES;
				CLANG_WARN_BLOCK_CAPTURE_AUTORELEASING = YES;
				CLANG_WARN_BOOL_CONVERSION = YES;
				CLANG_WARN_COMMA = YES;
				CLANG_WARN_CONSTANT_CONVERSION = YES;
				CLANG_WARN_DEPRECATED_OBJC_IMPLEMENTATIONS = YES;
				CLANG_WARN_DIRECT_OBJC_ISA_USAGE = YES_ERROR;
				CLANG_WARN_DOCUMENTATION_COMMENTS = YES;
				CLANG_WARN_EMPTY_BODY = YES;
				CLANG_WARN_ENUM_CONVERSION = YES;
				CLANG_WARN_INFINITE_RECURSION = YES;
				CLANG_WARN_INT_CONVERSION = YES;
				CLANG_WARN_NON_LITERAL_NULL_CONVERSION = YES;
				CLANG_WARN_OBJC_IMPLICIT_RETAIN_SELF = YES;
				CLANG_WARN_OBJC_LITERAL_CONVERSION = YES;
				CLANG_WARN_OBJC_ROOT_CLASS = YES_ERROR;
				CLANG_WARN_QUOTED_INCLUDE_IN_FRAMEWORK_HEADER = YES;
				CLANG_WARN_RANGE_LOOP_ANALYSIS = YES;
				CLANG_WARN_STRICT_PROTOTYPES = YES;
				CLANG_WARN_SUSPICIOUS_MOVE = YES;
				CLANG_WARN_UNGUARDED_AVAILABILITY = YES_AGGRESSIVE;
				CLANG_WARN_UNREACHABLE_CODE = YES;
				CLANG_WARN__DUPLICATE_METHOD_MATCH = YES;
				COPY_PHASE_STRIP = NO;
				DEBUG_INFORMATION_FORMAT = "dwarf-with-dsym";
				ENABLE_NS_ASSERTIONS = NO;
				ENABLE_STRICT_OBJC_MSGSEND = YES;
				GCC_C_LANGUAGE_STANDARD = gnu11;
				GCC_NO_COMMON_BLOCKS = YES;
				GCC_WARN_64_TO_32_BIT_CONVERSION = YES;
				GCC_WARN_ABOUT_RETURN_TYPE = YES_ERROR;
				GCC_WARN_UNDECLARED_SELECTOR = YES;
				GCC_WARN_UNINITIALIZED_AUTOS = YES_AGGRESSIVE;
				GCC_WARN_UNUSED_FUNCTION = YES;
				GCC_WARN_UNUSED_VARIABLE = YES;
				IPHONEOS_DEPLOYMENT_TARGET = 15.5;
				MTL_ENABLE_DEBUG_INFO = NO;
				MTL_FAST_MATH = YES;
				SDKROOT = iphoneos;
				SWIFT_COMPILATION_MODE = wholemodule;
				SWIFT_OPTIMIZATION_LEVEL = "-O";
				VALIDATE_PRODUCT = YES;
			};
			name = Release;
		};
		18301CFF28B52737005960DC /* Debug */ = {
			isa = XCBuildConfiguration;
			buildSettings = {
				ASSETCATALOG_COMPILER_APPICON_NAME = AppIcon;
				ASSETCATALOG_COMPILER_GLOBAL_ACCENT_COLOR_NAME = AccentColor;
				CODE_SIGN_STYLE = Automatic;
				CURRENT_PROJECT_VERSION = 1;
				GENERATE_INFOPLIST_FILE = YES;
				INFOPLIST_FILE = PracticaSalinas/Info.plist;
				INFOPLIST_KEY_UIApplicationSupportsIndirectInputEvents = YES;
				INFOPLIST_KEY_UILaunchStoryboardName = LaunchScreen;
				INFOPLIST_KEY_UIMainStoryboardFile = Main;
				INFOPLIST_KEY_UISupportedInterfaceOrientations_iPad = "UIInterfaceOrientationPortrait UIInterfaceOrientationPortraitUpsideDown UIInterfaceOrientationLandscapeLeft UIInterfaceOrientationLandscapeRight";
				INFOPLIST_KEY_UISupportedInterfaceOrientations_iPhone = "UIInterfaceOrientationPortrait UIInterfaceOrientationLandscapeLeft UIInterfaceOrientationLandscapeRight";
				LD_RUNPATH_SEARCH_PATHS = (
					"$(inherited)",
					"@executable_path/Frameworks",
				);
				MARKETING_VERSION = 1.0;
				PRODUCT_BUNDLE_IDENTIFIER = com.Cazares.PracticaSalinas;
				PRODUCT_NAME = "$(TARGET_NAME)";
				SWIFT_EMIT_LOC_STRINGS = YES;
				SWIFT_VERSION = 5.0;
				TARGETED_DEVICE_FAMILY = "1,2";
			};
			name = Debug;
		};
		18301D0028B52737005960DC /* Release */ = {
			isa = XCBuildConfiguration;
			buildSettings = {
				ASSETCATALOG_COMPILER_APPICON_NAME = AppIcon;
				ASSETCATALOG_COMPILER_GLOBAL_ACCENT_COLOR_NAME = AccentColor;
				CODE_SIGN_STYLE = Automatic;
				CURRENT_PROJECT_VERSION = 1;
				GENERATE_INFOPLIST_FILE = YES;
				INFOPLIST_FILE = PracticaSalinas/Info.plist;
				INFOPLIST_KEY_UIApplicationSupportsIndirectInputEvents = YES;
				INFOPLIST_KEY_UILaunchStoryboardName = LaunchScreen;
				INFOPLIST_KEY_UIMainStoryboardFile = Main;
				INFOPLIST_KEY_UISupportedInterfaceOrientations_iPad = "UIInterfaceOrientationPortrait UIInterfaceOrientationPortraitUpsideDown UIInterfaceOrientationLandscapeLeft UIInterfaceOrientationLandscapeRight";
				INFOPLIST_KEY_UISupportedInterfaceOrientations_iPhone = "UIInterfaceOrientationPortrait UIInterfaceOrientationLandscapeLeft UIInterfaceOrientationLandscapeRight";
				LD_RUNPATH_SEARCH_PATHS = (
					"$(inherited)",
					"@executable_path/Frameworks",
				);
				MARKETING_VERSION = 1.0;
				PRODUCT_BUNDLE_IDENTIFIER = com.Cazares.PracticaSalinas;
				PRODUCT_NAME = "$(TARGET_NAME)";
				SWIFT_EMIT_LOC_STRINGS = YES;
				SWIFT_VERSION = 5.0;
				TARGETED_DEVICE_FAMILY = "1,2";
			};
			name = Release;
		};
		18301D0228B52737005960DC /* Debug */ = {
			isa = XCBuildConfiguration;
			buildSettings = {
				ALWAYS_EMBED_SWIFT_STANDARD_LIBRARIES = YES;
				BUNDLE_LOADER = "$(TEST_HOST)";
				CODE_SIGN_STYLE = Automatic;
				CURRENT_PROJECT_VERSION = 1;
				GENERATE_INFOPLIST_FILE = YES;
				IPHONEOS_DEPLOYMENT_TARGET = 15.5;
				MARKETING_VERSION = 1.0;
				PRODUCT_BUNDLE_IDENTIFIER = com.Cazares.PracticaSalinasTests;
				PRODUCT_NAME = "$(TARGET_NAME)";
				SWIFT_EMIT_LOC_STRINGS = NO;
				SWIFT_VERSION = 5.0;
				TARGETED_DEVICE_FAMILY = "1,2";
				TEST_HOST = "$(BUILT_PRODUCTS_DIR)/PracticaSalinas.app/PracticaSalinas";
			};
			name = Debug;
		};
		18301D0328B52737005960DC /* Release */ = {
			isa = XCBuildConfiguration;
			buildSettings = {
				ALWAYS_EMBED_SWIFT_STANDARD_LIBRARIES = YES;
				BUNDLE_LOADER = "$(TEST_HOST)";
				CODE_SIGN_STYLE = Automatic;
				CURRENT_PROJECT_VERSION = 1;
				GENERATE_INFOPLIST_FILE = YES;
				IPHONEOS_DEPLOYMENT_TARGET = 15.5;
				MARKETING_VERSION = 1.0;
				PRODUCT_BUNDLE_IDENTIFIER = com.Cazares.PracticaSalinasTests;
				PRODUCT_NAME = "$(TARGET_NAME)";
				SWIFT_EMIT_LOC_STRINGS = NO;
				SWIFT_VERSION = 5.0;
				TARGETED_DEVICE_FAMILY = "1,2";
				TEST_HOST = "$(BUILT_PRODUCTS_DIR)/PracticaSalinas.app/PracticaSalinas";
			};
			name = Release;
		};
		18301D0528B52737005960DC /* Debug */ = {
			isa = XCBuildConfiguration;
			buildSettings = {
				ALWAYS_EMBED_SWIFT_STANDARD_LIBRARIES = YES;
				CODE_SIGN_STYLE = Automatic;
				CURRENT_PROJECT_VERSION = 1;
				GENERATE_INFOPLIST_FILE = YES;
				MARKETING_VERSION = 1.0;
				PRODUCT_BUNDLE_IDENTIFIER = com.Cazares.PracticaSalinasUITests;
				PRODUCT_NAME = "$(TARGET_NAME)";
				SWIFT_EMIT_LOC_STRINGS = NO;
				SWIFT_VERSION = 5.0;
				TARGETED_DEVICE_FAMILY = "1,2";
				TEST_TARGET_NAME = PracticaSalinas;
			};
			name = Debug;
		};
		18301D0628B52737005960DC /* Release */ = {
			isa = XCBuildConfiguration;
			buildSettings = {
				ALWAYS_EMBED_SWIFT_STANDARD_LIBRARIES = YES;
				CODE_SIGN_STYLE = Automatic;
				CURRENT_PROJECT_VERSION = 1;
				GENERATE_INFOPLIST_FILE = YES;
				MARKETING_VERSION = 1.0;
				PRODUCT_BUNDLE_IDENTIFIER = com.Cazares.PracticaSalinasUITests;
				PRODUCT_NAME = "$(TARGET_NAME)";
				SWIFT_EMIT_LOC_STRINGS = NO;
				SWIFT_VERSION = 5.0;
				TARGETED_DEVICE_FAMILY = "1,2";
				TEST_TARGET_NAME = PracticaSalinas;
			};
			name = Release;
		};
/* End XCBuildConfiguration section */

/* Begin XCConfigurationList section */
		18301CCF28B52732005960DC /* Build configuration list for PBXProject "PracticaSalinas" */ = {
			isa = XCConfigurationList;
			buildConfigurations = (
				18301CFC28B52737005960DC /* Debug */,
				18301CFD28B52737005960DC /* Release */,
			);
			defaultConfigurationIsVisible = 0;
			defaultConfigurationName = Release;
		};
		18301CFE28B52737005960DC /* Build configuration list for PBXNativeTarget "PracticaSalinas" */ = {
			isa = XCConfigurationList;
			buildConfigurations = (
				18301CFF28B52737005960DC /* Debug */,
				18301D0028B52737005960DC /* Release */,
			);
			defaultConfigurationIsVisible = 0;
			defaultConfigurationName = Release;
		};
		18301D0128B52737005960DC /* Build configuration list for PBXNativeTarget "PracticaSalinasTests" */ = {
			isa = XCConfigurationList;
			buildConfigurations = (
				18301D0228B52737005960DC /* Debug */,
				18301D0328B52737005960DC /* Release */,
			);
			defaultConfigurationIsVisible = 0;
			defaultConfigurationName = Release;
		};
		18301D0428B52737005960DC /* Build configuration list for PBXNativeTarget "PracticaSalinasUITests" */ = {
			isa = XCConfigurationList;
			buildConfigurations = (
				18301D0528B52737005960DC /* Debug */,
				18301D0628B52737005960DC /* Release */,
			);
			defaultConfigurationIsVisible = 0;
			defaultConfigurationName = Release;
		};
/* End XCConfigurationList section */
	};
	rootObject = 18301CCC28B52732005960DC /* Project object */;
}
